// !$*UTF8*$!
{
	archiveVersion = 1;
	classes = {
	};
	objectVersion = 56;
	objects = {

/* Begin PBXBuildFile section */
		A74A82582B9684A40046191E /* Page2.swift in Sources */ = {isa = PBXBuildFile; fileRef = A74A824D2B9684A40046191E /* Page2.swift */; };
		A74A82592B9684A40046191E /* Page4.swift in Sources */ = {isa = PBXBuildFile; fileRef = A74A824E2B9684A40046191E /* Page4.swift */; };
		A74A825A2B9684A40046191E /* Page3.swift in Sources */ = {isa = PBXBuildFile; fileRef = A74A824F2B9684A40046191E /* Page3.swift */; };
		A74A825B2B9684A40046191E /* Page1.swift in Sources */ = {isa = PBXBuildFile; fileRef = A74A82502B9684A40046191E /* Page1.swift */; };
		A74A825C2B9684A40046191E /* jht.jpg in Resources */ = {isa = PBXBuildFile; fileRef = A74A82522B9684A40046191E /* jht.jpg */; };
		A74A825D2B9684A40046191E /* Assets.xcassets in Resources */ = {isa = PBXBuildFile; fileRef = A74A82532B9684A40046191E /* Assets.xcassets */; };
		A74A825E2B9684A40046191E /* Page5.swift in Sources */ = {isa = PBXBuildFile; fileRef = A74A82542B9684A40046191E /* Page5.swift */; };
		A74A825F2B9684A40046191E /* Preview Assets.xcassets in Resources */ = {isa = PBXBuildFile; fileRef = A74A82562B9684A40046191E /* Preview Assets.xcassets */; };
		A74A82602B9684A40046191E /* Router.swift in Sources */ = {isa = PBXBuildFile; fileRef = A74A82572B9684A40046191E /* Router.swift */; };
		A74A82622B9685A60046191E /* MainView.swift in Sources */ = {isa = PBXBuildFile; fileRef = A74A82612B9685A60046191E /* MainView.swift */; };
		AB1B12EB2AB3A309007328A3 /* README.md in Resources */ = {isa = PBXBuildFile; fileRef = AB1B12EA2AB3A309007328A3 /* README.md */; };
/* End PBXBuildFile section */

/* Begin PBXFileReference section */
		A74A82492B9684A40046191E /* Router.xcodeproj */ = {isa = PBXFileReference; lastKnownFileType = "wrapper.pb-project"; path = Router.xcodeproj; sourceTree = "<group>"; };
		A74A824D2B9684A40046191E /* Page2.swift */ = {isa = PBXFileReference; fileEncoding = 4; lastKnownFileType = sourcecode.swift; path = Page2.swift; sourceTree = "<group>"; };
		A74A824E2B9684A40046191E /* Page4.swift */ = {isa = PBXFileReference; fileEncoding = 4; lastKnownFileType = sourcecode.swift; path = Page4.swift; sourceTree = "<group>"; };
		A74A824F2B9684A40046191E /* Page3.swift */ = {isa = PBXFileReference; fileEncoding = 4; lastKnownFileType = sourcecode.swift; path = Page3.swift; sourceTree = "<group>"; };
		A74A82502B9684A40046191E /* Page1.swift */ = {isa = PBXFileReference; fileEncoding = 4; lastKnownFileType = sourcecode.swift; path = Page1.swift; sourceTree = "<group>"; };
		A74A82522B9684A40046191E /* jht.jpg */ = {isa = PBXFileReference; lastKnownFileType = image.jpeg; path = jht.jpg; sourceTree = "<group>"; };
		A74A82532B9684A40046191E /* Assets.xcassets */ = {isa = PBXFileReference; lastKnownFileType = folder.assetcatalog; path = Assets.xcassets; sourceTree = "<group>"; };
		A74A82542B9684A40046191E /* Page5.swift */ = {isa = PBXFileReference; fileEncoding = 4; lastKnownFileType = sourcecode.swift; path = Page5.swift; sourceTree = "<group>"; };
		A74A82562B9684A40046191E /* Preview Assets.xcassets */ = {isa = PBXFileReference; lastKnownFileType = folder.assetcatalog; path = "Preview Assets.xcassets"; sourceTree = "<group>"; };
		A74A82572B9684A40046191E /* Router.swift */ = {isa = PBXFileReference; fileEncoding = 4; lastKnownFileType = sourcecode.swift; path = Router.swift; sourceTree = "<group>"; };
		A74A82612B9685A60046191E /* MainView.swift */ = {isa = PBXFileReference; lastKnownFileType = sourcecode.swift; path = MainView.swift; sourceTree = "<group>"; };
		AB1B12EA2AB3A309007328A3 /* README.md */ = {isa = PBXFileReference; fileEncoding = 4; lastKnownFileType = net.daringfireball.markdown; name = README.md; path = ../README.md; sourceTree = "<group>"; };
		ABE29FC82AB3A03D0072F7C2 /* Router.app */ = {isa = PBXFileReference; explicitFileType = wrapper.application; includeInIndex = 0; path = Router.app; sourceTree = BUILT_PRODUCTS_DIR; };
/* End PBXFileReference section */

/* Begin PBXFrameworksBuildPhase section */
		ABE29FC52AB3A03D0072F7C2 /* Frameworks */ = {
			isa = PBXFrameworksBuildPhase;
			buildActionMask = 2147483647;
			files = (
			);
			runOnlyForDeploymentPostprocessing = 0;
		};
/* End PBXFrameworksBuildPhase section */

/* Begin PBXGroup section */
		A74A82482B9684A40046191E /* Router */ = {
			isa = PBXGroup;
			children = (
				A74A82492B9684A40046191E /* Router.xcodeproj */,
				A74A824C2B9684A40046191E /* Router */,
			);
			name = Router;
			sourceTree = "<group>";
		};
		A74A824A2B9684A40046191E /* Products */ = {
			isa = PBXGroup;
			name = Products;
			sourceTree = "<group>";
		};
		A74A824C2B9684A40046191E /* Router */ = {
			isa = PBXGroup;
			children = (
				A74A82572B9684A40046191E /* Router.swift */,
				A74A82612B9685A60046191E /* MainView.swift */,
				A74A82502B9684A40046191E /* Page1.swift */,
				A74A824D2B9684A40046191E /* Page2.swift */,
				A74A824F2B9684A40046191E /* Page3.swift */,
				A74A824E2B9684A40046191E /* Page4.swift */,
				A74A82542B9684A40046191E /* Page5.swift */,
				A74A82512B9684A40046191E /* Resources */,
				A74A82532B9684A40046191E /* Assets.xcassets */,
				A74A82552B9684A40046191E /* Preview Content */,
			);
			path = Router;
			sourceTree = "<group>";
		};
		A74A82512B9684A40046191E /* Resources */ = {
			isa = PBXGroup;
			children = (
				A74A82522B9684A40046191E /* jht.jpg */,
			);
			path = Resources;
			sourceTree = "<group>";
		};
		A74A82552B9684A40046191E /* Preview Content */ = {
			isa = PBXGroup;
			children = (
				A74A82562B9684A40046191E /* Preview Assets.xcassets */,
			);
			path = "Preview Content";
			sourceTree = "<group>";
		};
		ABE29FBF2AB3A03D0072F7C2 = {
			isa = PBXGroup;
			children = (
				AB1B12EA2AB3A309007328A3 /* README.md */,
				A74A82482B9684A40046191E /* Router */,
				ABE29FC92AB3A03D0072F7C2 /* Products */,
			);
			sourceTree = "<group>";
		};
		ABE29FC92AB3A03D0072F7C2 /* Products */ = {
			isa = PBXGroup;
			children = (
				ABE29FC82AB3A03D0072F7C2 /* Router.app */,
			);
			name = Products;
			sourceTree = "<group>";
		};
/* End PBXGroup section */

/* Begin PBXNativeTarget section */
		ABE29FC72AB3A03D0072F7C2 /* Router */ = {
			isa = PBXNativeTarget;
			buildConfigurationList = ABE29FD62AB3A03E0072F7C2 /* Build configuration list for PBXNativeTarget "Router" */;
			buildPhases = (
				ABE29FC42AB3A03D0072F7C2 /* Sources */,
				ABE29FC52AB3A03D0072F7C2 /* Frameworks */,
				ABE29FC62AB3A03D0072F7C2 /* Resources */,
			);
			buildRules = (
			);
			dependencies = (
			);
			name = Router;
			productName = "ImageUiDemo-urls";
			productReference = ABE29FC82AB3A03D0072F7C2 /* Router.app */;
			productType = "com.apple.product-type.application";
		};
/* End PBXNativeTarget section */

/* Begin PBXProject section */
		ABE29FC02AB3A03D0072F7C2 /* Project object */ = {
			isa = PBXProject;
			attributes = {
				BuildIndependentTargetsInParallel = 1;
				LastSwiftUpdateCheck = 1430;
				LastUpgradeCheck = 1520;
				TargetAttributes = {
					ABE29FC72AB3A03D0072F7C2 = {
						CreatedOnToolsVersion = 14.3.1;
					};
				};
			};
			buildConfigurationList = ABE29FC32AB3A03D0072F7C2 /* Build configuration list for PBXProject "Router" */;
			compatibilityVersion = "Xcode 14.0";
			developmentRegion = en;
			hasScannedForEncodings = 0;
			knownRegions = (
				en,
				Base,
			);
			mainGroup = ABE29FBF2AB3A03D0072F7C2;
			productRefGroup = ABE29FC92AB3A03D0072F7C2 /* Products */;
			projectDirPath = "";
			projectReferences = (
				{
					ProductGroup = A74A824A2B9684A40046191E /* Products */;
					ProjectRef = A74A82492B9684A40046191E /* Router.xcodeproj */;
				},
			);
			projectRoot = "";
			targets = (
				ABE29FC72AB3A03D0072F7C2 /* Router */,
			);
		};
/* End PBXProject section */

/* Begin PBXResourcesBuildPhase section */
		ABE29FC62AB3A03D0072F7C2 /* Resources */ = {
			isa = PBXResourcesBuildPhase;
			buildActionMask = 2147483647;
			files = (
				A74A825F2B9684A40046191E /* Preview Assets.xcassets in Resources */,
				A74A825C2B9684A40046191E /* jht.jpg in Resources */,
				A74A825D2B9684A40046191E /* Assets.xcassets in Resources */,
				AB1B12EB2AB3A309007328A3 /* README.md in Resources */,
			);
			runOnlyForDeploymentPostprocessing = 0;
		};
/* End PBXResourcesBuildPhase section */

/* Begin PBXSourcesBuildPhase section */
		ABE29FC42AB3A03D0072F7C2 /* Sources */ = {
			isa = PBXSourcesBuildPhase;
			buildActionMask = 2147483647;
			files = (
				A74A825B2B9684A40046191E /* Page1.swift in Sources */,
				A74A82622B9685A60046191E /* MainView.swift in Sources */,
				A74A825E2B9684A40046191E /* Page5.swift in Sources */,
				A74A82582B9684A40046191E /* Page2.swift in Sources */,
				A74A82592B9684A40046191E /* Page4.swift in Sources */,
				A74A82602B9684A40046191E /* Router.swift in Sources */,
				A74A825A2B9684A40046191E /* Page3.swift in Sources */,
			);
			runOnlyForDeploymentPostprocessing = 0;
		};
/* End PBXSourcesBuildPhase section */

/* Begin XCBuildConfiguration section */
		ABE29FD42AB3A03E0072F7C2 /* Debug */ = {
			isa = XCBuildConfiguration;
			buildSettings = {
				ALWAYS_SEARCH_USER_PATHS = NO;
				CLANG_ANALYZER_NONNULL = YES;
				CLANG_ANALYZER_NUMBER_OBJECT_CONVERSION = YES_AGGRESSIVE;
				CLANG_CXX_LANGUAGE_STANDARD = "gnu++20";
				CLANG_ENABLE_MODULES = YES;
				CLANG_ENABLE_OBJC_ARC = YES;
				CLANG_ENABLE_OBJC_WEAK = YES;
				CLANG_WARN_BLOCK_CAPTURE_AUTORELEASING = YES;
				CLANG_WARN_BOOL_CONVERSION = YES;
				CLANG_WARN_COMMA = YES;
				CLANG_WARN_CONSTANT_CONVERSION = YES;
				CLANG_WARN_DEPRECATED_OBJC_IMPLEMENTATIONS = YES;
				CLANG_WARN_DIRECT_OBJC_ISA_USAGE = YES_ERROR;
				CLANG_WARN_DOCUMENTATION_COMMENTS = YES;
				CLANG_WARN_EMPTY_BODY = YES;
				CLANG_WARN_ENUM_CONVERSION = YES;
				CLANG_WARN_INFINITE_RECURSION = YES;
				CLANG_WARN_INT_CONVERSION = YES;
				CLANG_WARN_NON_LITERAL_NULL_CONVERSION = YES;
				CLANG_WARN_OBJC_IMPLICIT_RETAIN_SELF = YES;
				CLANG_WARN_OBJC_LITERAL_CONVERSION = YES;
				CLANG_WARN_OBJC_ROOT_CLASS = YES_ERROR;
				CLANG_WARN_QUOTED_INCLUDE_IN_FRAMEWORK_HEADER = YES;
				CLANG_WARN_RANGE_LOOP_ANALYSIS = YES;
				CLANG_WARN_STRICT_PROTOTYPES = YES;
				CLANG_WARN_SUSPICIOUS_MOVE = YES;
				CLANG_WARN_UNGUARDED_AVAILABILITY = YES_AGGRESSIVE;
				CLANG_WARN_UNREACHABLE_CODE = YES;
				CLANG_WARN__DUPLICATE_METHOD_MATCH = YES;
				COPY_PHASE_STRIP = NO;
				DEBUG_INFORMATION_FORMAT = dwarf;
				ENABLE_STRICT_OBJC_MSGSEND = YES;
				ENABLE_TESTABILITY = YES;
				ENABLE_USER_SCRIPT_SANDBOXING = YES;
				GCC_C_LANGUAGE_STANDARD = gnu11;
				GCC_DYNAMIC_NO_PIC = NO;
				GCC_NO_COMMON_BLOCKS = YES;
				GCC_OPTIMIZATION_LEVEL = 0;
				GCC_PREPROCESSOR_DEFINITIONS = (
					"DEBUG=1",
					"$(inherited)",
				);
				GCC_WARN_64_TO_32_BIT_CONVERSION = YES;
				GCC_WARN_ABOUT_RETURN_TYPE = YES_ERROR;
				GCC_WARN_UNDECLARED_SELECTOR = YES;
				GCC_WARN_UNINITIALIZED_AUTOS = YES_AGGRESSIVE;
				GCC_WARN_UNUSED_FUNCTION = YES;
				GCC_WARN_UNUSED_VARIABLE = YES;
				IPHONEOS_DEPLOYMENT_TARGET = 16.4;
				MTL_ENABLE_DEBUG_INFO = INCLUDE_SOURCE;
				MTL_FAST_MATH = YES;
				ONLY_ACTIVE_ARCH = YES;
				SDKROOT = iphoneos;
				SWIFT_ACTIVE_COMPILATION_CONDITIONS = DEBUG;
				SWIFT_OPTIMIZATION_LEVEL = "-Onone";
			};
			name = Debug;
		};
		ABE29FD52AB3A03E0072F7C2 /* Release */ = {
			isa = XCBuildConfiguration;
			buildSettings = {
				ALWAYS_SEARCH_USER_PATHS = NO;
				CLANG_ANALYZER_NONNULL = YES;
				CLANG_ANALYZER_NUMBER_OBJECT_CONVERSION = YES_AGGRESSIVE;
				CLANG_CXX_LANGUAGE_STANDARD = "gnu++20";
				CLANG_ENABLE_MODULES = YES;
				CLANG_ENABLE_OBJC_ARC = YES;
				CLANG_ENABLE_OBJC_WEAK = YES;
				CLANG_WARN_BLOCK_CAPTURE_AUTORELEASING = YES;
				CLANG_WARN_BOOL_CONVERSION = YES;
				CLANG_WARN_COMMA = YES;
				CLANG_WARN_CONSTANT_CONVERSION = YES;
				CLANG_WARN_DEPRECATED_OBJC_IMPLEMENTATIONS = YES;
				CLANG_WARN_DIRECT_OBJC_ISA_USAGE = YES_ERROR;
				CLANG_WARN_DOCUMENTATION_COMMENTS = YES;
				CLANG_WARN_EMPTY_BODY = YES;
				CLANG_WARN_ENUM_CONVERSION = YES;
				CLANG_WARN_INFINITE_RECURSION = YES;
				CLANG_WARN_INT_CONVERSION = YES;
				CLANG_WARN_NON_LITERAL_NULL_CONVERSION = YES;
				CLANG_WARN_OBJC_IMPLICIT_RETAIN_SELF = YES;
				CLANG_WARN_OBJC_LITERAL_CONVERSION = YES;
				CLANG_WARN_OBJC_ROOT_CLASS = YES_ERROR;
				CLANG_WARN_QUOTED_INCLUDE_IN_FRAMEWORK_HEADER = YES;
				CLANG_WARN_RANGE_LOOP_ANALYSIS = YES;
				CLANG_WARN_STRICT_PROTOTYPES = YES;
				CLANG_WARN_SUSPICIOUS_MOVE = YES;
				CLANG_WARN_UNGUARDED_AVAILABILITY = YES_AGGRESSIVE;
				CLANG_WARN_UNREACHABLE_CODE = YES;
				CLANG_WARN__DUPLICATE_METHOD_MATCH = YES;
				COPY_PHASE_STRIP = NO;
				DEBUG_INFORMATION_FORMAT = "dwarf-with-dsym";
				ENABLE_NS_ASSERTIONS = NO;
				ENABLE_STRICT_OBJC_MSGSEND = YES;
				ENABLE_USER_SCRIPT_SANDBOXING = YES;
				GCC_C_LANGUAGE_STANDARD = gnu11;
				GCC_NO_COMMON_BLOCKS = YES;
				GCC_WARN_64_TO_32_BIT_CONVERSION = YES;
				GCC_WARN_ABOUT_RETURN_TYPE = YES_ERROR;
				GCC_WARN_UNDECLARED_SELECTOR = YES;
				GCC_WARN_UNINITIALIZED_AUTOS = YES_AGGRESSIVE;
				GCC_WARN_UNUSED_FUNCTION = YES;
				GCC_WARN_UNUSED_VARIABLE = YES;
				IPHONEOS_DEPLOYMENT_TARGET = 16.4;
				MTL_ENABLE_DEBUG_INFO = NO;
				MTL_FAST_MATH = YES;
				SDKROOT = iphoneos;
				SWIFT_COMPILATION_MODE = wholemodule;
				SWIFT_OPTIMIZATION_LEVEL = "-O";
				VALIDATE_PRODUCT = YES;
			};
			name = Release;
		};
		ABE29FD72AB3A03E0072F7C2 /* Debug */ = {
			isa = XCBuildConfiguration;
			buildSettings = {
				ASSETCATALOG_COMPILER_APPICON_NAME = AppIcon;
				ASSETCATALOG_COMPILER_GLOBAL_ACCENT_COLOR_NAME = AccentColor;
				CODE_SIGN_STYLE = Automatic;
				CURRENT_PROJECT_VERSION = 1;
				DEVELOPMENT_ASSET_PATHS = "\"Router/Preview Content\"";
				DEVELOPMENT_TEAM = 236Q868A5W;
				ENABLE_PREVIEWS = YES;
				GENERATE_INFOPLIST_FILE = YES;
				INFOPLIST_KEY_UIApplicationSceneManifest_Generation = YES;
				INFOPLIST_KEY_UIApplicationSupportsIndirectInputEvents = YES;
				INFOPLIST_KEY_UILaunchScreen_Generation = YES;
				INFOPLIST_KEY_UISupportedInterfaceOrientations_iPad = "UIInterfaceOrientationPortrait UIInterfaceOrientationPortraitUpsideDown UIInterfaceOrientationLandscapeLeft UIInterfaceOrientationLandscapeRight";
				INFOPLIST_KEY_UISupportedInterfaceOrientations_iPhone = "UIInterfaceOrientationPortrait UIInterfaceOrientationLandscapeLeft UIInterfaceOrientationLandscapeRight";
				LD_RUNPATH_SEARCH_PATHS = (
					"$(inherited)",
					"@executable_path/Frameworks",
				);
				MARKETING_VERSION = 1.0;
				PRODUCT_BUNDLE_IDENTIFIER = com.az2507.router;
				PRODUCT_NAME = "$(TARGET_NAME)";
				SWIFT_EMIT_LOC_STRINGS = YES;
				SWIFT_VERSION = 5.0;
				TARGETED_DEVICE_FAMILY = "1,2";
			};
			name = Debug;
		};
		ABE29FD82AB3A03E0072F7C2 /* Release */ = {
			isa = XCBuildConfiguration;
			buildSettings = {
				ASSETCATALOG_COMPILER_APPICON_NAME = AppIcon;
				ASSETCATALOG_COMPILER_GLOBAL_ACCENT_COLOR_NAME = AccentColor;
				CODE_SIGN_STYLE = Automatic;
				CURRENT_PROJECT_VERSION = 1;
				DEVELOPMENT_ASSET_PATHS = "\"Router/Preview Content\"";
				DEVELOPMENT_TEAM = 236Q868A5W;
				ENABLE_PREVIEWS = YES;
				GENERATE_INFOPLIST_FILE = YES;
				INFOPLIST_KEY_UIApplicationSceneManifest_Generation = YES;
				INFOPLIST_KEY_UIApplicationSupportsIndirectInputEvents = YES;
				INFOPLIST_KEY_UILaunchScreen_Generation = YES;
				INFOPLIST_KEY_UISupportedInterfaceOrientations_iPad = "UIInterfaceOrientationPortrait UIInterfaceOrientationPortraitUpsideDown UIInterfaceOrientationLandscapeLeft UIInterfaceOrientationLandscapeRight";
				INFOPLIST_KEY_UISupportedInterfaceOrientations_iPhone = "UIInterfaceOrientationPortrait UIInterfaceOrientationLandscapeLeft UIInterfaceOrientationLandscapeRight";
				LD_RUNPATH_SEARCH_PATHS = (
					"$(inherited)",
					"@executable_path/Frameworks",
				);
				MARKETING_VERSION = 1.0;
				PRODUCT_BUNDLE_IDENTIFIER = com.az2507.router;
				PRODUCT_NAME = "$(TARGET_NAME)";
				SWIFT_EMIT_LOC_STRINGS = YES;
				SWIFT_VERSION = 5.0;
				TARGETED_DEVICE_FAMILY = "1,2";
			};
			name = Release;
		};
/* End XCBuildConfiguration section */

/* Begin XCConfigurationList section */
		ABE29FC32AB3A03D0072F7C2 /* Build configuration list for PBXProject "Router" */ = {
			isa = XCConfigurationList;
			buildConfigurations = (
				ABE29FD42AB3A03E0072F7C2 /* Debug */,
				ABE29FD52AB3A03E0072F7C2 /* Release */,
			);
			defaultConfigurationIsVisible = 0;
			defaultConfigurationName = Release;
		};
		ABE29FD62AB3A03E0072F7C2 /* Build configuration list for PBXNativeTarget "Router" */ = {
			isa = XCConfigurationList;
			buildConfigurations = (
				ABE29FD72AB3A03E0072F7C2 /* Debug */,
				ABE29FD82AB3A03E0072F7C2 /* Release */,
			);
			defaultConfigurationIsVisible = 0;
			defaultConfigurationName = Release;
		};
/* End XCConfigurationList section */
	};
	rootObject = ABE29FC02AB3A03D0072F7C2 /* Project object */;
}
